
Microsoft Visual Studio Solution File, Format Version 12.00
# Visual Studio Version 17
VisualStudioVersion = 17.14.36203.30 d17.14
MinimumVisualStudioVersion = 10.0.40219.1
Project("{54A90642-561A-4BB1-A94E-469ADEE60C69}") = "AdultJS", "AdultJS.esproj", "{DDB41017-23DB-B646-7109-CAA803ABD607}"
EndProject
Global
	GlobalSection(SolutionConfigurationPlatforms) = preSolution
		Debug|Any CPU = Debug|Any CPU
		Release|Any CPU = Release|Any CPU
	EndGlobalSection
	GlobalSection(ProjectConfigurationPlatforms) = postSolution
		{DDB41017-23DB-B646-7109-CAA803ABD607}.Debug|Any CPU.ActiveCfg = Debug|Any CPU
		{DDB41017-23DB-B646-7109-CAA803ABD607}.Debug|Any CPU.Build.0 = Debug|Any CPU
		{DDB41017-23DB-B646-7109-CAA803ABD607}.Debug|Any CPU.Deploy.0 = Debug|Any CPU
		{DDB41017-23DB-B646-7109-CAA803ABD607}.Release|Any CPU.ActiveCfg = Release|Any CPU
		{DDB41017-23DB-B646-7109-CAA803ABD607}.Release|Any CPU.Build.0 = Release|Any CPU
		{DDB41017-23DB-B646-7109-CAA803ABD607}.Release|Any CPU.Deploy.0 = Release|Any CPU
	EndGlobalSection
	GlobalSection(SolutionProperties) = preSolution
		HideSolutionNode = FALSE
	EndGlobalSection
	GlobalSection(ExtensibilityGlobals) = postSolution
		SolutionGuid = {4C8CBAD2-F3DC-4319-A09C-A75B6C93EB79}
	EndGlobalSection
EndGlobal
